
Microsoft Visual Studio Solution File, Format Version 12.00
# Visual Studio Version 16
VisualStudioVersion = 16.0.30804.86
MinimumVisualStudioVersion = 10.0.40219.1
Project("{2150E333-8FDC-42A3-9474-1A3956D46DE8}") = "AppCore", "AppCore", "{CA9B6EB6-142B-4551-955C-26BD1E0FC24D}"
EndProject
Project("{9A19103F-16F7-4668-BE54-9A1E7A4F7556}") = "Tastee.Application", "Tastee.Application\Tastee.Application.csproj", "{34CB9AF1-C106-4CC0-A66F-B1921B20C41D}"
EndProject
Project("{9A19103F-16F7-4668-BE54-9A1E7A4F7556}") = "Tastee.Domain", "Tastee.Domain\Tastee.Domain.csproj", "{9E00D4D7-2B4E-443F-AD50-FA400F6DE4FE}"
EndProject
Project("{2150E333-8FDC-42A3-9474-1A3956D46DE8}") = "Infrastructure", "Infrastructure", "{CFE5C840-D327-433C-B493-76D17095A76F}"
EndProject
Project("{9A19103F-16F7-4668-BE54-9A1E7A4F7556}") = "Tastee.Infrastructure.IoC", "Tastee.Infrastructure.IoC\Tastee.Infrastructure.IoC.csproj", "{AD615A81-B62E-46D8-86AA-0320B54342D9}"
EndProject
Project("{9A19103F-16F7-4668-BE54-9A1E7A4F7556}") = "Tastee.Infrastucture.Data", "Tastee.Infrasture.Data\Tastee.Infrastucture.Data.csproj", "{D6443F96-139B-4C37-9477-4A9D2C653037}"
EndProject
Project("{2150E333-8FDC-42A3-9474-1A3956D46DE8}") = "Libraries", "Libraries", "{0CED00FA-7725-489C-B911-E2DBE934C397}"
EndProject
Project("{9A19103F-16F7-4668-BE54-9A1E7A4F7556}") = "URF.Core.Abstractions", "URF.Core.Abstractions\URF.Core.Abstractions.csproj", "{47EC24C1-1BBD-40C1-84D4-E46E9459760D}"
EndProject
Project("{9A19103F-16F7-4668-BE54-9A1E7A4F7556}") = "URF.Core.Abstractions.Services", "URF.Core.Abstractions.Services\URF.Core.Abstractions.Services.csproj", "{21E61A71-A7D0-458F-9907-56EA1C0E6065}"
EndProject
Project("{9A19103F-16F7-4668-BE54-9A1E7A4F7556}") = "URF.Core.Abstractions.Trackable", "URF.Core.Abstractions.Trackable\URF.Core.Abstractions.Trackable.csproj", "{EF9CC980-6C5B-4C29-9723-9D1605AF1D71}"
EndProject
Project("{9A19103F-16F7-4668-BE54-9A1E7A4F7556}") = "URF.Core.Services", "URF.Core.Services\URF.Core.Services.csproj", "{D642F02D-AC21-416B-82F5-74632CC12548}"
EndProject
Project("{9A19103F-16F7-4668-BE54-9A1E7A4F7556}") = "Tastee.Shared", "Tastee.Shared\Tastee.Shared.csproj", "{FBF7563A-083D-480E-820F-1C74DEC3FE6D}"
EndProject
Project("{9A19103F-16F7-4668-BE54-9A1E7A4F7556}") = "URF.Core.EF", "URF.Core.EF\URF.Core.EF.csproj", "{3FC353EE-22F7-4A24-9618-25464955FEC0}"
EndProject
Project("{9A19103F-16F7-4668-BE54-9A1E7A4F7556}") = "URF.Core.EF.Trackable", "URF.Core.EF.Trackable\URF.Core.EF.Trackable.csproj", "{04601B6A-3997-43D9-84CC-CE357C1FF467}"
EndProject
Project("{9A19103F-16F7-4668-BE54-9A1E7A4F7556}") = "Tastee.UnitTest", "Tastee.UnitTest\Tastee.UnitTest.csproj", "{AA41DFB2-21C5-4964-977D-2B455724A419}"
EndProject
Project("{9A19103F-16F7-4668-BE54-9A1E7A4F7556}") = "Tastee.WebApi", "Tastee.WebApi\Tastee.WebApi.csproj", "{1EB19DEE-C400-4D87-87B8-ADB737D0BDE6}"
EndProject
Global
	GlobalSection(SolutionConfigurationPlatforms) = preSolution
		Debug|Any CPU = Debug|Any CPU
		Release|Any CPU = Release|Any CPU
	EndGlobalSection
	GlobalSection(ProjectConfigurationPlatforms) = postSolution
		{34CB9AF1-C106-4CC0-A66F-B1921B20C41D}.Debug|Any CPU.ActiveCfg = Debug|Any CPU
		{34CB9AF1-C106-4CC0-A66F-B1921B20C41D}.Debug|Any CPU.Build.0 = Debug|Any CPU
		{34CB9AF1-C106-4CC0-A66F-B1921B20C41D}.Release|Any CPU.ActiveCfg = Release|Any CPU
		{34CB9AF1-C106-4CC0-A66F-B1921B20C41D}.Release|Any CPU.Build.0 = Release|Any CPU
		{9E00D4D7-2B4E-443F-AD50-FA400F6DE4FE}.Debug|Any CPU.ActiveCfg = Debug|Any CPU
		{9E00D4D7-2B4E-443F-AD50-FA400F6DE4FE}.Debug|Any CPU.Build.0 = Debug|Any CPU
		{9E00D4D7-2B4E-443F-AD50-FA400F6DE4FE}.Release|Any CPU.ActiveCfg = Release|Any CPU
		{9E00D4D7-2B4E-443F-AD50-FA400F6DE4FE}.Release|Any CPU.Build.0 = Release|Any CPU
		{AD615A81-B62E-46D8-86AA-0320B54342D9}.Debug|Any CPU.ActiveCfg = Debug|Any CPU
		{AD615A81-B62E-46D8-86AA-0320B54342D9}.Debug|Any CPU.Build.0 = Debug|Any CPU
		{AD615A81-B62E-46D8-86AA-0320B54342D9}.Release|Any CPU.ActiveCfg = Release|Any CPU
		{AD615A81-B62E-46D8-86AA-0320B54342D9}.Release|Any CPU.Build.0 = Release|Any CPU
		{D6443F96-139B-4C37-9477-4A9D2C653037}.Debug|Any CPU.ActiveCfg = Debug|Any CPU
		{D6443F96-139B-4C37-9477-4A9D2C653037}.Debug|Any CPU.Build.0 = Debug|Any CPU
		{D6443F96-139B-4C37-9477-4A9D2C653037}.Release|Any CPU.ActiveCfg = Release|Any CPU
		{D6443F96-139B-4C37-9477-4A9D2C653037}.Release|Any CPU.Build.0 = Release|Any CPU
		{47EC24C1-1BBD-40C1-84D4-E46E9459760D}.Debug|Any CPU.ActiveCfg = Debug|Any CPU
		{47EC24C1-1BBD-40C1-84D4-E46E9459760D}.Debug|Any CPU.Build.0 = Debug|Any CPU
		{47EC24C1-1BBD-40C1-84D4-E46E9459760D}.Release|Any CPU.ActiveCfg = Release|Any CPU
		{47EC24C1-1BBD-40C1-84D4-E46E9459760D}.Release|Any CPU.Build.0 = Release|Any CPU
		{21E61A71-A7D0-458F-9907-56EA1C0E6065}.Debug|Any CPU.ActiveCfg = Debug|Any CPU
		{21E61A71-A7D0-458F-9907-56EA1C0E6065}.Debug|Any CPU.Build.0 = Debug|Any CPU
		{21E61A71-A7D0-458F-9907-56EA1C0E6065}.Release|Any CPU.ActiveCfg = Release|Any CPU
		{21E61A71-A7D0-458F-9907-56EA1C0E6065}.Release|Any CPU.Build.0 = Release|Any CPU
		{EF9CC980-6C5B-4C29-9723-9D1605AF1D71}.Debug|Any CPU.ActiveCfg = Debug|Any CPU
		{EF9CC980-6C5B-4C29-9723-9D1605AF1D71}.Debug|Any CPU.Build.0 = Debug|Any CPU
		{EF9CC980-6C5B-4C29-9723-9D1605AF1D71}.Release|Any CPU.ActiveCfg = Release|Any CPU
		{EF9CC980-6C5B-4C29-9723-9D1605AF1D71}.Release|Any CPU.Build.0 = Release|Any CPU
		{D642F02D-AC21-416B-82F5-74632CC12548}.Debug|Any CPU.ActiveCfg = Debug|Any CPU
		{D642F02D-AC21-416B-82F5-74632CC12548}.Debug|Any CPU.Build.0 = Debug|Any CPU
		{D642F02D-AC21-416B-82F5-74632CC12548}.Release|Any CPU.ActiveCfg = Release|Any CPU
		{D642F02D-AC21-416B-82F5-74632CC12548}.Release|Any CPU.Build.0 = Release|Any CPU
		{FBF7563A-083D-480E-820F-1C74DEC3FE6D}.Debug|Any CPU.ActiveCfg = Debug|Any CPU
		{FBF7563A-083D-480E-820F-1C74DEC3FE6D}.Debug|Any CPU.Build.0 = Debug|Any CPU
		{FBF7563A-083D-480E-820F-1C74DEC3FE6D}.Release|Any CPU.ActiveCfg = Release|Any CPU
		{FBF7563A-083D-480E-820F-1C74DEC3FE6D}.Release|Any CPU.Build.0 = Release|Any CPU
		{3FC353EE-22F7-4A24-9618-25464955FEC0}.Debug|Any CPU.ActiveCfg = Debug|Any CPU
		{3FC353EE-22F7-4A24-9618-25464955FEC0}.Debug|Any CPU.Build.0 = Debug|Any CPU
		{3FC353EE-22F7-4A24-9618-25464955FEC0}.Release|Any CPU.ActiveCfg = Release|Any CPU
		{3FC353EE-22F7-4A24-9618-25464955FEC0}.Release|Any CPU.Build.0 = Release|Any CPU
		{04601B6A-3997-43D9-84CC-CE357C1FF467}.Debug|Any CPU.ActiveCfg = Debug|Any CPU
		{04601B6A-3997-43D9-84CC-CE357C1FF467}.Debug|Any CPU.Build.0 = Debug|Any CPU
		{04601B6A-3997-43D9-84CC-CE357C1FF467}.Release|Any CPU.ActiveCfg = Release|Any CPU
		{04601B6A-3997-43D9-84CC-CE357C1FF467}.Release|Any CPU.Build.0 = Release|Any CPU
		{AA41DFB2-21C5-4964-977D-2B455724A419}.Debug|Any CPU.ActiveCfg = Debug|Any CPU
		{AA41DFB2-21C5-4964-977D-2B455724A419}.Debug|Any CPU.Build.0 = Debug|Any CPU
		{AA41DFB2-21C5-4964-977D-2B455724A419}.Release|Any CPU.ActiveCfg = Release|Any CPU
		{AA41DFB2-21C5-4964-977D-2B455724A419}.Release|Any CPU.Build.0 = Release|Any CPU
		{1EB19DEE-C400-4D87-87B8-ADB737D0BDE6}.Debug|Any CPU.ActiveCfg = Debug|Any CPU
		{1EB19DEE-C400-4D87-87B8-ADB737D0BDE6}.Debug|Any CPU.Build.0 = Debug|Any CPU
		{1EB19DEE-C400-4D87-87B8-ADB737D0BDE6}.Release|Any CPU.ActiveCfg = Release|Any CPU
		{1EB19DEE-C400-4D87-87B8-ADB737D0BDE6}.Release|Any CPU.Build.0 = Release|Any CPU
	EndGlobalSection
	GlobalSection(SolutionProperties) = preSolution
		HideSolutionNode = FALSE
	EndGlobalSection
	GlobalSection(NestedProjects) = preSolution
		{34CB9AF1-C106-4CC0-A66F-B1921B20C41D} = {CA9B6EB6-142B-4551-955C-26BD1E0FC24D}
		{9E00D4D7-2B4E-443F-AD50-FA400F6DE4FE} = {CA9B6EB6-142B-4551-955C-26BD1E0FC24D}
		{AD615A81-B62E-46D8-86AA-0320B54342D9} = {CFE5C840-D327-433C-B493-76D17095A76F}
		{D6443F96-139B-4C37-9477-4A9D2C653037} = {CFE5C840-D327-433C-B493-76D17095A76F}
		{47EC24C1-1BBD-40C1-84D4-E46E9459760D} = {0CED00FA-7725-489C-B911-E2DBE934C397}
		{21E61A71-A7D0-458F-9907-56EA1C0E6065} = {0CED00FA-7725-489C-B911-E2DBE934C397}
		{EF9CC980-6C5B-4C29-9723-9D1605AF1D71} = {0CED00FA-7725-489C-B911-E2DBE934C397}
		{D642F02D-AC21-416B-82F5-74632CC12548} = {0CED00FA-7725-489C-B911-E2DBE934C397}
		{3FC353EE-22F7-4A24-9618-25464955FEC0} = {0CED00FA-7725-489C-B911-E2DBE934C397}
		{04601B6A-3997-43D9-84CC-CE357C1FF467} = {0CED00FA-7725-489C-B911-E2DBE934C397}
	EndGlobalSection
	GlobalSection(ExtensibilityGlobals) = postSolution
		SolutionGuid = {1C2F1861-2149-4CE6-9812-ED77C05D1FF3}
	EndGlobalSection
EndGlobal
